
Microsoft Visual Studio Solution File, Format Version 12.00
# Visual Studio 15
VisualStudioVersion = 15.0.26124.0
MinimumVisualStudioVersion = 15.0.26124.0
Project("{FAE04EC0-301F-11D3-BF4B-00C04F79EFBC}") = "AspNet.Dev.Pkg.Infrastructure", "AspNet.Dev.Pkg.Infrastructure\AspNet.Dev.Pkg.Infrastructure.csproj", "{141223C2-CC85-48A5-8AFB-47B7D2E0F194}"
EndProject
Project("{FAE04EC0-301F-11D3-BF4B-00C04F79EFBC}") = "AspNet.Dev.Pkg.Demo", "AspNet.Dev.Pkg.Demo\AspNet.Dev.Pkg.Demo.csproj", "{998BA40E-60E8-4F47-A599-CD98BBA26549}"
EndProject
Global
	GlobalSection(SolutionConfigurationPlatforms) = preSolution
		Debug|Any CPU = Debug|Any CPU
		Debug|x64 = Debug|x64
		Debug|x86 = Debug|x86
		Release|Any CPU = Release|Any CPU
		Release|x64 = Release|x64
		Release|x86 = Release|x86
	EndGlobalSection
	GlobalSection(SolutionProperties) = preSolution
		HideSolutionNode = FALSE
	EndGlobalSection
	GlobalSection(ProjectConfigurationPlatforms) = postSolution
		{141223C2-CC85-48A5-8AFB-47B7D2E0F194}.Debug|Any CPU.ActiveCfg = Debug|Any CPU
		{141223C2-CC85-48A5-8AFB-47B7D2E0F194}.Debug|Any CPU.Build.0 = Debug|Any CPU
		{141223C2-CC85-48A5-8AFB-47B7D2E0F194}.Debug|x64.ActiveCfg = Debug|Any CPU
		{141223C2-CC85-48A5-8AFB-47B7D2E0F194}.Debug|x64.Build.0 = Debug|Any CPU
		{141223C2-CC85-48A5-8AFB-47B7D2E0F194}.Debug|x86.ActiveCfg = Debug|Any CPU
		{141223C2-CC85-48A5-8AFB-47B7D2E0F194}.Debug|x86.Build.0 = Debug|Any CPU
		{141223C2-CC85-48A5-8AFB-47B7D2E0F194}.Release|Any CPU.ActiveCfg = Release|Any CPU
		{141223C2-CC85-48A5-8AFB-47B7D2E0F194}.Release|Any CPU.Build.0 = Release|Any CPU
		{141223C2-CC85-48A5-8AFB-47B7D2E0F194}.Release|x64.ActiveCfg = Release|Any CPU
		{141223C2-CC85-48A5-8AFB-47B7D2E0F194}.Release|x64.Build.0 = Release|Any CPU
		{141223C2-CC85-48A5-8AFB-47B7D2E0F194}.Release|x86.ActiveCfg = Release|Any CPU
		{141223C2-CC85-48A5-8AFB-47B7D2E0F194}.Release|x86.Build.0 = Release|Any CPU
		{998BA40E-60E8-4F47-A599-CD98BBA26549}.Debug|Any CPU.ActiveCfg = Debug|Any CPU
		{998BA40E-60E8-4F47-A599-CD98BBA26549}.Debug|Any CPU.Build.0 = Debug|Any CPU
		{998BA40E-60E8-4F47-A599-CD98BBA26549}.Debug|x64.ActiveCfg = Debug|Any CPU
		{998BA40E-60E8-4F47-A599-CD98BBA26549}.Debug|x64.Build.0 = Debug|Any CPU
		{998BA40E-60E8-4F47-A599-CD98BBA26549}.Debug|x86.ActiveCfg = Debug|Any CPU
		{998BA40E-60E8-4F47-A599-CD98BBA26549}.Debug|x86.Build.0 = Debug|Any CPU
		{998BA40E-60E8-4F47-A599-CD98BBA26549}.Release|Any CPU.ActiveCfg = Release|Any CPU
		{998BA40E-60E8-4F47-A599-CD98BBA26549}.Release|Any CPU.Build.0 = Release|Any CPU
		{998BA40E-60E8-4F47-A599-CD98BBA26549}.Release|x64.ActiveCfg = Release|Any CPU
		{998BA40E-60E8-4F47-A599-CD98BBA26549}.Release|x64.Build.0 = Release|Any CPU
		{998BA40E-60E8-4F47-A599-CD98BBA26549}.Release|x86.ActiveCfg = Release|Any CPU
		{998BA40E-60E8-4F47-A599-CD98BBA26549}.Release|x86.Build.0 = Release|Any CPU
	EndGlobalSection
EndGlobal
